
Microsoft Visual Studio Solution File, Format Version 12.00
# Visual Studio Version 17
VisualStudioVersion = 17.3.32901.215
MinimumVisualStudioVersion = 10.0.40219.1
Project("{9A19103F-16F7-4668-BE54-9A1E7A4F7556}") = "Application", "Application\Application.csproj", "{BE3138F0-056D-43D6-8858-88B8AFEFADA8}"
EndProject
Project("{9A19103F-16F7-4668-BE54-9A1E7A4F7556}") = "Domain", "Domain\Domain.csproj", "{A67B558B-B84C-4B55-9351-AE4CB0B70218}"
EndProject
Project("{9A19103F-16F7-4668-BE54-9A1E7A4F7556}") = "Infrastructure", "Infrastructure\Infrastructure.csproj", "{657E7652-1C02-4409-9936-31E6DF5F89F1}"
EndProject
Project("{FAE04EC0-301F-11D3-BF4B-00C04F79EFBC}") = "Persistence", "Persistence\Persistence.csproj", "{8E485A70-9A7F-4E7D-A567-8B0741A63EFB}"
EndProject
Project("{9A19103F-16F7-4668-BE54-9A1E7A4F7556}") = "WebApi", "WebApi\WebApi.csproj", "{78AD4C3B-B043-42FB-8BDF-1C872E5D4315}"
EndProject
Project("{2150E333-8FDC-42A3-9474-1A3956D46DE8}") = "Solution Items", "Solution Items", "{ACE163E1-008A-41CD-8194-1C970C9FD7AE}"
	ProjectSection(SolutionItems) = preProject
		Problem.txt = Problem.txt
	EndProjectSection
EndProject
Global
	GlobalSection(SolutionConfigurationPlatforms) = preSolution
		Debug|Any CPU = Debug|Any CPU
		Release|Any CPU = Release|Any CPU
	EndGlobalSection
	GlobalSection(ProjectConfigurationPlatforms) = postSolution
		{BE3138F0-056D-43D6-8858-88B8AFEFADA8}.Debug|Any CPU.ActiveCfg = Debug|Any CPU
		{BE3138F0-056D-43D6-8858-88B8AFEFADA8}.Debug|Any CPU.Build.0 = Debug|Any CPU
		{BE3138F0-056D-43D6-8858-88B8AFEFADA8}.Release|Any CPU.ActiveCfg = Release|Any CPU
		{BE3138F0-056D-43D6-8858-88B8AFEFADA8}.Release|Any CPU.Build.0 = Release|Any CPU
		{A67B558B-B84C-4B55-9351-AE4CB0B70218}.Debug|Any CPU.ActiveCfg = Debug|Any CPU
		{A67B558B-B84C-4B55-9351-AE4CB0B70218}.Debug|Any CPU.Build.0 = Debug|Any CPU
		{A67B558B-B84C-4B55-9351-AE4CB0B70218}.Release|Any CPU.ActiveCfg = Release|Any CPU
		{A67B558B-B84C-4B55-9351-AE4CB0B70218}.Release|Any CPU.Build.0 = Release|Any CPU
		{657E7652-1C02-4409-9936-31E6DF5F89F1}.Debug|Any CPU.ActiveCfg = Debug|Any CPU
		{657E7652-1C02-4409-9936-31E6DF5F89F1}.Debug|Any CPU.Build.0 = Debug|Any CPU
		{657E7652-1C02-4409-9936-31E6DF5F89F1}.Release|Any CPU.ActiveCfg = Release|Any CPU
		{657E7652-1C02-4409-9936-31E6DF5F89F1}.Release|Any CPU.Build.0 = Release|Any CPU
		{8E485A70-9A7F-4E7D-A567-8B0741A63EFB}.Debug|Any CPU.ActiveCfg = Debug|Any CPU
		{8E485A70-9A7F-4E7D-A567-8B0741A63EFB}.Debug|Any CPU.Build.0 = Debug|Any CPU
		{8E485A70-9A7F-4E7D-A567-8B0741A63EFB}.Release|Any CPU.ActiveCfg = Release|Any CPU
		{8E485A70-9A7F-4E7D-A567-8B0741A63EFB}.Release|Any CPU.Build.0 = Release|Any CPU
		{78AD4C3B-B043-42FB-8BDF-1C872E5D4315}.Debug|Any CPU.ActiveCfg = Debug|Any CPU
		{78AD4C3B-B043-42FB-8BDF-1C872E5D4315}.Debug|Any CPU.Build.0 = Debug|Any CPU
		{78AD4C3B-B043-42FB-8BDF-1C872E5D4315}.Release|Any CPU.ActiveCfg = Release|Any CPU
		{78AD4C3B-B043-42FB-8BDF-1C872E5D4315}.Release|Any CPU.Build.0 = Release|Any CPU
	EndGlobalSection
	GlobalSection(SolutionProperties) = preSolution
		HideSolutionNode = FALSE
	EndGlobalSection
	GlobalSection(ExtensibilityGlobals) = postSolution
		SolutionGuid = {C708B8B5-56B7-41FB-9457-3995ADD108D4}
	EndGlobalSection
EndGlobal
